
Microsoft Visual Studio Solution File, Format Version 12.00
# Visual Studio Version 17
VisualStudioVersion = 17.8.34330.188
MinimumVisualStudioVersion = 10.0.40219.1
Project("{2150E333-8FDC-42A3-9474-1A3956D46DE8}") = "ApiConsume", "ApiConsume", "{7DFAF315-6391-4C35-9CFD-C70A71784EFA}"
EndProject
Project("{2150E333-8FDC-42A3-9474-1A3956D46DE8}") = "Frontend", "Frontend", "{A77B2C2D-6CAE-4C4B-BA67-8DA4F24A5E8C}"
EndProject
Project("{2150E333-8FDC-42A3-9474-1A3956D46DE8}") = "ToDoList", "ToDoList", "{392E9F78-4A67-4706-ADC9-77DDE66D3A3A}"
EndProject
Project("{9A19103F-16F7-4668-BE54-9A1E7A4F7556}") = "AppBackend.WebApi", "ApiConsume\AppBackend.WebApi\AppBackend.WebApi.csproj", "{3253D290-C8FC-4D3D-9015-1F99C0ABA939}"
EndProject
Project("{9A19103F-16F7-4668-BE54-9A1E7A4F7556}") = "AppBackend.EntityLayer", "ApiConsume\AppBackend.EntityLayer\AppBackend.EntityLayer.csproj", "{3A366DA3-EE65-4DD4-B0BE-3BA3A83C520F}"
EndProject
Project("{9A19103F-16F7-4668-BE54-9A1E7A4F7556}") = "AppBackend.DataAccessLayer", "ApiConsume\AppBackend.DataAccessLayer\AppBackend.DataAccessLayer.csproj", "{D007D180-0BDE-436D-8043-7278CAF68031}"
EndProject
Project("{9A19103F-16F7-4668-BE54-9A1E7A4F7556}") = "AppBackend.BusinessLayer", "ApiConsume\AppBackend.BusinessLayer\AppBackend.BusinessLayer.csproj", "{530971E1-0B4D-4CD6-875E-C8064B71BBA3}"
EndProject
Project("{9A19103F-16F7-4668-BE54-9A1E7A4F7556}") = "AppBackend.DtoLayer", "ApiConsume\AppBackend.DtoLayer\AppBackend.DtoLayer.csproj", "{22E926C2-83A5-4B7E-ACBE-8E7EDB041EC2}"
EndProject
Global
	GlobalSection(SolutionConfigurationPlatforms) = preSolution
		Debug|Any CPU = Debug|Any CPU
		Release|Any CPU = Release|Any CPU
	EndGlobalSection
	GlobalSection(ProjectConfigurationPlatforms) = postSolution
		{3253D290-C8FC-4D3D-9015-1F99C0ABA939}.Debug|Any CPU.ActiveCfg = Debug|Any CPU
		{3253D290-C8FC-4D3D-9015-1F99C0ABA939}.Debug|Any CPU.Build.0 = Debug|Any CPU
		{3253D290-C8FC-4D3D-9015-1F99C0ABA939}.Release|Any CPU.ActiveCfg = Release|Any CPU
		{3253D290-C8FC-4D3D-9015-1F99C0ABA939}.Release|Any CPU.Build.0 = Release|Any CPU
		{3A366DA3-EE65-4DD4-B0BE-3BA3A83C520F}.Debug|Any CPU.ActiveCfg = Debug|Any CPU
		{3A366DA3-EE65-4DD4-B0BE-3BA3A83C520F}.Debug|Any CPU.Build.0 = Debug|Any CPU
		{3A366DA3-EE65-4DD4-B0BE-3BA3A83C520F}.Release|Any CPU.ActiveCfg = Release|Any CPU
		{3A366DA3-EE65-4DD4-B0BE-3BA3A83C520F}.Release|Any CPU.Build.0 = Release|Any CPU
		{D007D180-0BDE-436D-8043-7278CAF68031}.Debug|Any CPU.ActiveCfg = Debug|Any CPU
		{D007D180-0BDE-436D-8043-7278CAF68031}.Debug|Any CPU.Build.0 = Debug|Any CPU
		{D007D180-0BDE-436D-8043-7278CAF68031}.Release|Any CPU.ActiveCfg = Release|Any CPU
		{D007D180-0BDE-436D-8043-7278CAF68031}.Release|Any CPU.Build.0 = Release|Any CPU
		{530971E1-0B4D-4CD6-875E-C8064B71BBA3}.Debug|Any CPU.ActiveCfg = Debug|Any CPU
		{530971E1-0B4D-4CD6-875E-C8064B71BBA3}.Debug|Any CPU.Build.0 = Debug|Any CPU
		{530971E1-0B4D-4CD6-875E-C8064B71BBA3}.Release|Any CPU.ActiveCfg = Release|Any CPU
		{530971E1-0B4D-4CD6-875E-C8064B71BBA3}.Release|Any CPU.Build.0 = Release|Any CPU
		{22E926C2-83A5-4B7E-ACBE-8E7EDB041EC2}.Debug|Any CPU.ActiveCfg = Debug|Any CPU
		{22E926C2-83A5-4B7E-ACBE-8E7EDB041EC2}.Debug|Any CPU.Build.0 = Debug|Any CPU
		{22E926C2-83A5-4B7E-ACBE-8E7EDB041EC2}.Release|Any CPU.ActiveCfg = Release|Any CPU
		{22E926C2-83A5-4B7E-ACBE-8E7EDB041EC2}.Release|Any CPU.Build.0 = Release|Any CPU
	EndGlobalSection
	GlobalSection(SolutionProperties) = preSolution
		HideSolutionNode = FALSE
	EndGlobalSection
	GlobalSection(NestedProjects) = preSolution
		{3253D290-C8FC-4D3D-9015-1F99C0ABA939} = {7DFAF315-6391-4C35-9CFD-C70A71784EFA}
		{3A366DA3-EE65-4DD4-B0BE-3BA3A83C520F} = {7DFAF315-6391-4C35-9CFD-C70A71784EFA}
		{D007D180-0BDE-436D-8043-7278CAF68031} = {7DFAF315-6391-4C35-9CFD-C70A71784EFA}
		{530971E1-0B4D-4CD6-875E-C8064B71BBA3} = {7DFAF315-6391-4C35-9CFD-C70A71784EFA}
		{22E926C2-83A5-4B7E-ACBE-8E7EDB041EC2} = {7DFAF315-6391-4C35-9CFD-C70A71784EFA}
	EndGlobalSection
	GlobalSection(ExtensibilityGlobals) = postSolution
		SolutionGuid = {AA812AAA-896E-4B43-9714-DEE8CF2EEACD}
	EndGlobalSection
EndGlobal
